
Microsoft Visual Studio Solution File, Format Version 12.00
# Visual Studio 15
Project("{FAE04EC0-301F-11D3-BF4B-00C04F79EFBC}") = "SampleExceptionHandling.Android", "SampleExceptionHandling.Android\SampleExceptionHandling.Android.csproj", "{92AAE1CA-BC2A-4D4A-AF25-D5AB625A9C89}"
EndProject
Project("{FAE04EC0-301F-11D3-BF4B-00C04F79EFBC}") = "SampleExceptionHandling.iOS", "SampleExceptionHandling.iOS\SampleExceptionHandling.iOS.csproj", "{BBBA8A10-7993-4601-8413-C573A5140163}"
EndProject
Project("{FAE04EC0-301F-11D3-BF4B-00C04F79EFBC}") = "SampleExceptionHandling", "SampleExceptionHandling\SampleExceptionHandling.csproj", "{74403068-B0B7-48E4-BEAE-439418B59BAF}"
EndProject
Global
	GlobalSection(SolutionConfigurationPlatforms) = preSolution
		Debug|Any CPU = Debug|Any CPU
		Release|Any CPU = Release|Any CPU
		Debug|iPhoneSimulator = Debug|iPhoneSimulator
		Release|iPhoneSimulator = Release|iPhoneSimulator
		Debug|iPhone = Debug|iPhone
		Release|iPhone = Release|iPhone
	EndGlobalSection
	GlobalSection(ProjectConfigurationPlatforms) = postSolution
		{92AAE1CA-BC2A-4D4A-AF25-D5AB625A9C89}.Debug|Any CPU.ActiveCfg = Debug|Any CPU
		{92AAE1CA-BC2A-4D4A-AF25-D5AB625A9C89}.Debug|Any CPU.Build.0 = Debug|Any CPU
		{92AAE1CA-BC2A-4D4A-AF25-D5AB625A9C89}.Release|Any CPU.ActiveCfg = Release|Any CPU
		{92AAE1CA-BC2A-4D4A-AF25-D5AB625A9C89}.Release|Any CPU.Build.0 = Release|Any CPU
		{92AAE1CA-BC2A-4D4A-AF25-D5AB625A9C89}.Debug|iPhoneSimulator.ActiveCfg = Debug|Any CPU
		{92AAE1CA-BC2A-4D4A-AF25-D5AB625A9C89}.Debug|iPhoneSimulator.Build.0 = Debug|Any CPU
		{92AAE1CA-BC2A-4D4A-AF25-D5AB625A9C89}.Release|iPhoneSimulator.ActiveCfg = Release|Any CPU
		{92AAE1CA-BC2A-4D4A-AF25-D5AB625A9C89}.Release|iPhoneSimulator.Build.0 = Release|Any CPU
		{92AAE1CA-BC2A-4D4A-AF25-D5AB625A9C89}.Debug|iPhone.ActiveCfg = Debug|Any CPU
		{92AAE1CA-BC2A-4D4A-AF25-D5AB625A9C89}.Debug|iPhone.Build.0 = Debug|Any CPU
		{92AAE1CA-BC2A-4D4A-AF25-D5AB625A9C89}.Release|iPhone.ActiveCfg = Release|Any CPU
		{92AAE1CA-BC2A-4D4A-AF25-D5AB625A9C89}.Release|iPhone.Build.0 = Release|Any CPU
		{BBBA8A10-7993-4601-8413-C573A5140163}.Debug|Any CPU.ActiveCfg = Debug|iPhoneSimulator
		{BBBA8A10-7993-4601-8413-C573A5140163}.Debug|Any CPU.Build.0 = Debug|iPhoneSimulator
		{BBBA8A10-7993-4601-8413-C573A5140163}.Release|Any CPU.ActiveCfg = Release|iPhoneSimulator
		{BBBA8A10-7993-4601-8413-C573A5140163}.Release|Any CPU.Build.0 = Release|iPhoneSimulator
		{BBBA8A10-7993-4601-8413-C573A5140163}.Debug|iPhoneSimulator.ActiveCfg = Debug|iPhoneSimulator
		{BBBA8A10-7993-4601-8413-C573A5140163}.Debug|iPhoneSimulator.Build.0 = Debug|iPhoneSimulator
		{BBBA8A10-7993-4601-8413-C573A5140163}.Release|iPhoneSimulator.ActiveCfg = Release|iPhoneSimulator
		{BBBA8A10-7993-4601-8413-C573A5140163}.Release|iPhoneSimulator.Build.0 = Release|iPhoneSimulator
		{BBBA8A10-7993-4601-8413-C573A5140163}.Debug|iPhone.ActiveCfg = Debug|iPhone
		{BBBA8A10-7993-4601-8413-C573A5140163}.Debug|iPhone.Build.0 = Debug|iPhone
		{BBBA8A10-7993-4601-8413-C573A5140163}.Release|iPhone.ActiveCfg = Release|iPhone
		{BBBA8A10-7993-4601-8413-C573A5140163}.Release|iPhone.Build.0 = Release|iPhone
		{74403068-B0B7-48E4-BEAE-439418B59BAF}.Debug|Any CPU.ActiveCfg = Debug|Any CPU
		{74403068-B0B7-48E4-BEAE-439418B59BAF}.Debug|Any CPU.Build.0 = Debug|Any CPU
		{74403068-B0B7-48E4-BEAE-439418B59BAF}.Release|Any CPU.ActiveCfg = Release|Any CPU
		{74403068-B0B7-48E4-BEAE-439418B59BAF}.Release|Any CPU.Build.0 = Release|Any CPU
		{74403068-B0B7-48E4-BEAE-439418B59BAF}.Debug|iPhoneSimulator.ActiveCfg = Debug|Any CPU
		{74403068-B0B7-48E4-BEAE-439418B59BAF}.Debug|iPhoneSimulator.Build.0 = Debug|Any CPU
		{74403068-B0B7-48E4-BEAE-439418B59BAF}.Release|iPhoneSimulator.ActiveCfg = Release|Any CPU
		{74403068-B0B7-48E4-BEAE-439418B59BAF}.Release|iPhoneSimulator.Build.0 = Release|Any CPU
		{74403068-B0B7-48E4-BEAE-439418B59BAF}.Debug|iPhone.ActiveCfg = Debug|Any CPU
		{74403068-B0B7-48E4-BEAE-439418B59BAF}.Debug|iPhone.Build.0 = Debug|Any CPU
		{74403068-B0B7-48E4-BEAE-439418B59BAF}.Release|iPhone.ActiveCfg = Release|Any CPU
		{74403068-B0B7-48E4-BEAE-439418B59BAF}.Release|iPhone.Build.0 = Release|Any CPU
	EndGlobalSection
EndGlobal
